
Microsoft Visual Studio Solution File, Format Version 12.00
# Visual Studio Version 16
VisualStudioVersion = 16.0.30309.148
MinimumVisualStudioVersion = 10.0.40219.1
Project("{FAE04EC0-301F-11D3-BF4B-00C04F79EFBC}") = "Validator", "Validator\Validator.csproj", "{797A85B3-7477-40FA-8F5B-24183CF54728}"
EndProject
Global
	GlobalSection(SolutionConfigurationPlatforms) = preSolution
		Debug|Any CPU = Debug|Any CPU
		Release|Any CPU = Release|Any CPU
	EndGlobalSection
	GlobalSection(ProjectConfigurationPlatforms) = postSolution
		{797A85B3-7477-40FA-8F5B-24183CF54728}.Debug|Any CPU.ActiveCfg = Debug|Any CPU
		{797A85B3-7477-40FA-8F5B-24183CF54728}.Debug|Any CPU.Build.0 = Debug|Any CPU
		{797A85B3-7477-40FA-8F5B-24183CF54728}.Release|Any CPU.ActiveCfg = Release|Any CPU
		{797A85B3-7477-40FA-8F5B-24183CF54728}.Release|Any CPU.Build.0 = Release|Any CPU
	EndGlobalSection
	GlobalSection(SolutionProperties) = preSolution
		HideSolutionNode = FALSE
	EndGlobalSection
	GlobalSection(ExtensibilityGlobals) = postSolution
		SolutionGuid = {A9F493A8-4520-4C04-9F25-EA9DEC8A739A}
	EndGlobalSection
EndGlobal
